
Microsoft Visual Studio Solution File, Format Version 12.00
# Visual Studio 15
VisualStudioVersion = 15.0.26124.0
MinimumVisualStudioVersion = 15.0.26124.0
Project("{FAE04EC0-301F-11D3-BF4B-00C04F79EFBC}") = "temis.model", "temis.model\temis.model.csproj", "{DA5C314D-7584-48A6-864E-8A67281DA659}"
EndProject
Global
	GlobalSection(SolutionConfigurationPlatforms) = preSolution
		Debug|Any CPU = Debug|Any CPU
		Debug|x64 = Debug|x64
		Debug|x86 = Debug|x86
		Release|Any CPU = Release|Any CPU
		Release|x64 = Release|x64
		Release|x86 = Release|x86
	EndGlobalSection
	GlobalSection(SolutionProperties) = preSolution
		HideSolutionNode = FALSE
	EndGlobalSection
	GlobalSection(ProjectConfigurationPlatforms) = postSolution
		{DA5C314D-7584-48A6-864E-8A67281DA659}.Debug|Any CPU.ActiveCfg = Debug|Any CPU
		{DA5C314D-7584-48A6-864E-8A67281DA659}.Debug|Any CPU.Build.0 = Debug|Any CPU
		{DA5C314D-7584-48A6-864E-8A67281DA659}.Debug|x64.ActiveCfg = Debug|Any CPU
		{DA5C314D-7584-48A6-864E-8A67281DA659}.Debug|x64.Build.0 = Debug|Any CPU
		{DA5C314D-7584-48A6-864E-8A67281DA659}.Debug|x86.ActiveCfg = Debug|Any CPU
		{DA5C314D-7584-48A6-864E-8A67281DA659}.Debug|x86.Build.0 = Debug|Any CPU
		{DA5C314D-7584-48A6-864E-8A67281DA659}.Release|Any CPU.ActiveCfg = Release|Any CPU
		{DA5C314D-7584-48A6-864E-8A67281DA659}.Release|Any CPU.Build.0 = Release|Any CPU
		{DA5C314D-7584-48A6-864E-8A67281DA659}.Release|x64.ActiveCfg = Release|Any CPU
		{DA5C314D-7584-48A6-864E-8A67281DA659}.Release|x64.Build.0 = Release|Any CPU
		{DA5C314D-7584-48A6-864E-8A67281DA659}.Release|x86.ActiveCfg = Release|Any CPU
		{DA5C314D-7584-48A6-864E-8A67281DA659}.Release|x86.Build.0 = Release|Any CPU
	EndGlobalSection
EndGlobal
